
Microsoft Visual Studio Solution File, Format Version 12.00
# Visual Studio 15
VisualStudioVersion = 15.0.28307.960
MinimumVisualStudioVersion = 10.0.40219.1
Project("{9A19103F-16F7-4668-BE54-9A1E7A4F7556}") = "CompanyName.UserManagement.EFCorePostgre", "CompanyName.UserManagement.EFCorePostgre\CompanyName.UserManagement.EFCorePostgre.csproj", "{736B6811-582E-4E18-8118-7D1A8919EEAB}"
EndProject
Project("{9A19103F-16F7-4668-BE54-9A1E7A4F7556}") = "PostgreTest", "PostgreTest\PostgreTest.csproj", "{6FC01045-46CC-4E70-886C-F5FE4344F441}"
EndProject
Global
	GlobalSection(SolutionConfigurationPlatforms) = preSolution
		Debug|Any CPU = Debug|Any CPU
		Release|Any CPU = Release|Any CPU
	EndGlobalSection
	GlobalSection(ProjectConfigurationPlatforms) = postSolution
		{736B6811-582E-4E18-8118-7D1A8919EEAB}.Debug|Any CPU.ActiveCfg = Debug|Any CPU
		{736B6811-582E-4E18-8118-7D1A8919EEAB}.Debug|Any CPU.Build.0 = Debug|Any CPU
		{736B6811-582E-4E18-8118-7D1A8919EEAB}.Release|Any CPU.ActiveCfg = Release|Any CPU
		{736B6811-582E-4E18-8118-7D1A8919EEAB}.Release|Any CPU.Build.0 = Release|Any CPU
		{6FC01045-46CC-4E70-886C-F5FE4344F441}.Debug|Any CPU.ActiveCfg = Debug|Any CPU
		{6FC01045-46CC-4E70-886C-F5FE4344F441}.Debug|Any CPU.Build.0 = Debug|Any CPU
		{6FC01045-46CC-4E70-886C-F5FE4344F441}.Release|Any CPU.ActiveCfg = Release|Any CPU
		{6FC01045-46CC-4E70-886C-F5FE4344F441}.Release|Any CPU.Build.0 = Release|Any CPU
	EndGlobalSection
	GlobalSection(SolutionProperties) = preSolution
		HideSolutionNode = FALSE
	EndGlobalSection
	GlobalSection(ExtensibilityGlobals) = postSolution
		SolutionGuid = {964FFC21-E995-4D8E-A260-48E5EEECCA23}
	EndGlobalSection
EndGlobal
